
Microsoft Visual Studio Solution File, Format Version 12.00
# Visual Studio 14
VisualStudioVersion = 14.0.25420.1
MinimumVisualStudioVersion = 10.0.40219.1
Project("{FAE04EC0-301F-11D3-BF4B-00C04F79EFBC}") = "Luckyfive.Web", "Luckyfive\Luckyfive.Web.csproj", "{B4D27725-D0ED-4A6B-B2D6-78AC8DAF3ECB}"
EndProject
Project("{FAE04EC0-301F-11D3-BF4B-00C04F79EFBC}") = "Luckyfive.Models", "Luckyfive.Models\Luckyfive.Models.csproj", "{EC179505-CF20-49FE-93BE-F3A166FFF958}"
EndProject
Project("{FAE04EC0-301F-11D3-BF4B-00C04F79EFBC}") = "Luckyfive.DataAccess", "Luckyfive.DataAccess\Luckyfive.DataAccess.csproj", "{56872169-1573-4634-98E9-FF78F554EFDE}"
EndProject
Project("{FAE04EC0-301F-11D3-BF4B-00C04F79EFBC}") = "Luckyfive.Service", "Luckyfive.Service\Luckyfive.Service.csproj", "{84004999-9AB0-4CD0-AA0E-28BA84F18975}"
EndProject
Project("{FAE04EC0-301F-11D3-BF4B-00C04F79EFBC}") = "Luckyfive.DTO", "Luckyfive.DTO\Luckyfive.DTO.csproj", "{6F9C6980-9B07-4CA5-A00D-7B46C449BB2C}"
EndProject
Project("{FAE04EC0-301F-11D3-BF4B-00C04F79EFBC}") = "Luckyfive.MainService", "Luckyfive.MainService\Luckyfive.MainService.csproj", "{C38A1EFD-B1EA-4758-9EEB-DB1D64725968}"
EndProject
Global
	GlobalSection(SolutionConfigurationPlatforms) = preSolution
		Debug|Any CPU = Debug|Any CPU
		Release|Any CPU = Release|Any CPU
	EndGlobalSection
	GlobalSection(ProjectConfigurationPlatforms) = postSolution
		{B4D27725-D0ED-4A6B-B2D6-78AC8DAF3ECB}.Debug|Any CPU.ActiveCfg = Debug|Any CPU
		{B4D27725-D0ED-4A6B-B2D6-78AC8DAF3ECB}.Debug|Any CPU.Build.0 = Debug|Any CPU
		{B4D27725-D0ED-4A6B-B2D6-78AC8DAF3ECB}.Release|Any CPU.ActiveCfg = Release|Any CPU
		{B4D27725-D0ED-4A6B-B2D6-78AC8DAF3ECB}.Release|Any CPU.Build.0 = Release|Any CPU
		{EC179505-CF20-49FE-93BE-F3A166FFF958}.Debug|Any CPU.ActiveCfg = Debug|Any CPU
		{EC179505-CF20-49FE-93BE-F3A166FFF958}.Debug|Any CPU.Build.0 = Debug|Any CPU
		{EC179505-CF20-49FE-93BE-F3A166FFF958}.Release|Any CPU.ActiveCfg = Release|Any CPU
		{EC179505-CF20-49FE-93BE-F3A166FFF958}.Release|Any CPU.Build.0 = Release|Any CPU
		{56872169-1573-4634-98E9-FF78F554EFDE}.Debug|Any CPU.ActiveCfg = Debug|Any CPU
		{56872169-1573-4634-98E9-FF78F554EFDE}.Debug|Any CPU.Build.0 = Debug|Any CPU
		{56872169-1573-4634-98E9-FF78F554EFDE}.Release|Any CPU.ActiveCfg = Release|Any CPU
		{56872169-1573-4634-98E9-FF78F554EFDE}.Release|Any CPU.Build.0 = Release|Any CPU
		{84004999-9AB0-4CD0-AA0E-28BA84F18975}.Debug|Any CPU.ActiveCfg = Debug|Any CPU
		{84004999-9AB0-4CD0-AA0E-28BA84F18975}.Debug|Any CPU.Build.0 = Debug|Any CPU
		{84004999-9AB0-4CD0-AA0E-28BA84F18975}.Release|Any CPU.ActiveCfg = Release|Any CPU
		{84004999-9AB0-4CD0-AA0E-28BA84F18975}.Release|Any CPU.Build.0 = Release|Any CPU
		{6F9C6980-9B07-4CA5-A00D-7B46C449BB2C}.Debug|Any CPU.ActiveCfg = Debug|Any CPU
		{6F9C6980-9B07-4CA5-A00D-7B46C449BB2C}.Debug|Any CPU.Build.0 = Debug|Any CPU
		{6F9C6980-9B07-4CA5-A00D-7B46C449BB2C}.Release|Any CPU.ActiveCfg = Release|Any CPU
		{6F9C6980-9B07-4CA5-A00D-7B46C449BB2C}.Release|Any CPU.Build.0 = Release|Any CPU
		{C38A1EFD-B1EA-4758-9EEB-DB1D64725968}.Debug|Any CPU.ActiveCfg = Debug|Any CPU
		{C38A1EFD-B1EA-4758-9EEB-DB1D64725968}.Debug|Any CPU.Build.0 = Debug|Any CPU
		{C38A1EFD-B1EA-4758-9EEB-DB1D64725968}.Release|Any CPU.ActiveCfg = Release|Any CPU
		{C38A1EFD-B1EA-4758-9EEB-DB1D64725968}.Release|Any CPU.Build.0 = Release|Any CPU
	EndGlobalSection
	GlobalSection(SolutionProperties) = preSolution
		HideSolutionNode = FALSE
	EndGlobalSection
EndGlobal
